
Microsoft Visual Studio Solution File, Format Version 12.00
# Visual Studio Version 17
VisualStudioVersion = 17.14.36717.8
MinimumVisualStudioVersion = 10.0.40219.1
Project("{FAE04EC0-301F-11D3-BF4B-00C04F79EFBC}") = "脚本", "脚本.csproj", "{09EA62FC-863A-4A9F-8A89-0640BF80D8F8}"
EndProject
Project("{2150E333-8FDC-42A3-9474-1A3956D46DE8}") = "tests", "tests", "{0AB3BF05-4346-4AA6-1389-037BE0695223}"
EndProject
Project("{FAE04EC0-301F-11D3-BF4B-00C04F79EFBC}") = "脚本.Tests", "tests\脚本.Tests\脚本.Tests.csproj", "{59AAAE87-5102-40B4-A5BF-6D98771BED1F}"
EndProject
Global
	GlobalSection(SolutionConfigurationPlatforms) = preSolution
		Debug|Any CPU = Debug|Any CPU
		Debug|x64 = Debug|x64
		Debug|x86 = Debug|x86
		Release|Any CPU = Release|Any CPU
		Release|x64 = Release|x64
		Release|x86 = Release|x86
	EndGlobalSection
	GlobalSection(ProjectConfigurationPlatforms) = postSolution
		{09EA62FC-863A-4A9F-8A89-0640BF80D8F8}.Debug|Any CPU.ActiveCfg = Debug|Any CPU
		{09EA62FC-863A-4A9F-8A89-0640BF80D8F8}.Debug|Any CPU.Build.0 = Debug|Any CPU
		{09EA62FC-863A-4A9F-8A89-0640BF80D8F8}.Debug|x64.ActiveCfg = Debug|Any CPU
		{09EA62FC-863A-4A9F-8A89-0640BF80D8F8}.Debug|x64.Build.0 = Debug|Any CPU
		{09EA62FC-863A-4A9F-8A89-0640BF80D8F8}.Debug|x86.ActiveCfg = Debug|Any CPU
		{09EA62FC-863A-4A9F-8A89-0640BF80D8F8}.Debug|x86.Build.0 = Debug|Any CPU
		{09EA62FC-863A-4A9F-8A89-0640BF80D8F8}.Release|Any CPU.ActiveCfg = Release|Any CPU
		{09EA62FC-863A-4A9F-8A89-0640BF80D8F8}.Release|Any CPU.Build.0 = Release|Any CPU
		{09EA62FC-863A-4A9F-8A89-0640BF80D8F8}.Release|x64.ActiveCfg = Release|Any CPU
		{09EA62FC-863A-4A9F-8A89-0640BF80D8F8}.Release|x64.Build.0 = Release|Any CPU
		{09EA62FC-863A-4A9F-8A89-0640BF80D8F8}.Release|x86.ActiveCfg = Release|Any CPU
		{09EA62FC-863A-4A9F-8A89-0640BF80D8F8}.Release|x86.Build.0 = Release|Any CPU
		{59AAAE87-5102-40B4-A5BF-6D98771BED1F}.Debug|Any CPU.ActiveCfg = Debug|Any CPU
		{59AAAE87-5102-40B4-A5BF-6D98771BED1F}.Debug|Any CPU.Build.0 = Debug|Any CPU
		{59AAAE87-5102-40B4-A5BF-6D98771BED1F}.Debug|x64.ActiveCfg = Debug|Any CPU
		{59AAAE87-5102-40B4-A5BF-6D98771BED1F}.Debug|x64.Build.0 = Debug|Any CPU
		{59AAAE87-5102-40B4-A5BF-6D98771BED1F}.Debug|x86.ActiveCfg = Debug|Any CPU
		{59AAAE87-5102-40B4-A5BF-6D98771BED1F}.Debug|x86.Build.0 = Debug|Any CPU
		{59AAAE87-5102-40B4-A5BF-6D98771BED1F}.Release|Any CPU.ActiveCfg = Release|Any CPU
		{59AAAE87-5102-40B4-A5BF-6D98771BED1F}.Release|Any CPU.Build.0 = Release|Any CPU
		{59AAAE87-5102-40B4-A5BF-6D98771BED1F}.Release|x64.ActiveCfg = Release|Any CPU
		{59AAAE87-5102-40B4-A5BF-6D98771BED1F}.Release|x64.Build.0 = Release|Any CPU
		{59AAAE87-5102-40B4-A5BF-6D98771BED1F}.Release|x86.ActiveCfg = Release|Any CPU
		{59AAAE87-5102-40B4-A5BF-6D98771BED1F}.Release|x86.Build.0 = Release|Any CPU
	EndGlobalSection
	GlobalSection(SolutionProperties) = preSolution
		HideSolutionNode = FALSE
	EndGlobalSection
	GlobalSection(NestedProjects) = preSolution
		{59AAAE87-5102-40B4-A5BF-6D98771BED1F} = {0AB3BF05-4346-4AA6-1389-037BE0695223}
	EndGlobalSection
	GlobalSection(ExtensibilityGlobals) = postSolution
		SolutionGuid = {47F967AE-186F-4B51-AD3C-B1D4BC8BA447}
	EndGlobalSection
EndGlobal
